
Microsoft Visual Studio Solution File, Format Version 12.00
# Visual Studio Version 17
VisualStudioVersion = 17.11.35222.181
MinimumVisualStudioVersion = 10.0.40219.1
Project("{FAE04EC0-301F-11D3-BF4B-00C04F79EFBC}") = "Labb1_CsProg_ITHS.NET", "Labb1_CsProg_ITHS.NET.csproj", "{90182C9F-CD0A-4C43-894C-76D80E20D44B}"
EndProject
Global
	GlobalSection(SolutionConfigurationPlatforms) = preSolution
		Debug|Any CPU = Debug|Any CPU
		Release|Any CPU = Release|Any CPU
	EndGlobalSection
	GlobalSection(ProjectConfigurationPlatforms) = postSolution
		{90182C9F-CD0A-4C43-894C-76D80E20D44B}.Debug|Any CPU.ActiveCfg = Debug|Any CPU
		{90182C9F-CD0A-4C43-894C-76D80E20D44B}.Debug|Any CPU.Build.0 = Debug|Any CPU
		{90182C9F-CD0A-4C43-894C-76D80E20D44B}.Release|Any CPU.ActiveCfg = Release|Any CPU
		{90182C9F-CD0A-4C43-894C-76D80E20D44B}.Release|Any CPU.Build.0 = Release|Any CPU
	EndGlobalSection
	GlobalSection(SolutionProperties) = preSolution
		HideSolutionNode = FALSE
	EndGlobalSection
	GlobalSection(ExtensibilityGlobals) = postSolution
		SolutionGuid = {17D2A4F5-BD60-4EE2-9058-FE5DBE7C8B9D}
	EndGlobalSection
EndGlobal
